
Microsoft Visual Studio Solution File, Format Version 12.00
# Visual Studio Version 16
VisualStudioVersion = 16.0.31729.503
MinimumVisualStudioVersion = 10.0.40219.1
Project("{FAE04EC0-301F-11D3-BF4B-00C04F79EFBC}") = "ProcessDtmfDemoApp", "ProcessDtmfDemoApp\ProcessDtmfDemoApp.csproj", "{50FB259F-A4CD-462A-9315-B05335C8CE88}"
EndProject
Global
	GlobalSection(SolutionConfigurationPlatforms) = preSolution
		Debug|Any CPU = Debug|Any CPU
		Release|Any CPU = Release|Any CPU
	EndGlobalSection
	GlobalSection(ProjectConfigurationPlatforms) = postSolution
		{50FB259F-A4CD-462A-9315-B05335C8CE88}.Debug|Any CPU.ActiveCfg = Debug|Any CPU
		{50FB259F-A4CD-462A-9315-B05335C8CE88}.Debug|Any CPU.Build.0 = Debug|Any CPU
		{50FB259F-A4CD-462A-9315-B05335C8CE88}.Release|Any CPU.ActiveCfg = Release|Any CPU
		{50FB259F-A4CD-462A-9315-B05335C8CE88}.Release|Any CPU.Build.0 = Release|Any CPU
	EndGlobalSection
	GlobalSection(SolutionProperties) = preSolution
		HideSolutionNode = FALSE
	EndGlobalSection
	GlobalSection(ExtensibilityGlobals) = postSolution
		SolutionGuid = {9A762694-9932-4F23-BED6-26961EFE3E4E}
	EndGlobalSection
EndGlobal
